<?xml version="1.0" encoding="utf-8"?>
<Project ToolsVersion="4.0" xmlns="http://schemas.microsoft.com/developer/msbuild/2003">
  <ItemGroup>
    <Filter Include="Source Files">
      <UniqueIdentifier>{4FC737F1-C7A5-4376-A066-2A32D752A2FF}</UniqueIdentifier>
      <Extensions>cpp;c;cc;cxx;def;odl;idl;hpj;bat;asm;asmx</Extensions>
    </Filter>
    <Filter Include="Header Files">
      <UniqueIdentifier>{93995380-89BD-4b04-88EB-625FBE52EBFB}</UniqueIdentifier>
      <Extensions>h;hh;hpp;hxx;hm;inl;inc;xsd</Extensions>
    </Filter>
    <Filter Include="Resource Files">
      <UniqueIdentifier>{67DA6AB6-F800-4c08-8B7A-83BB121AAD01}</UniqueIdentifier>
      <Extensions>rc;ico;cur;bmp;dlg;rc2;rct;bin;rgs;gif;jpg;jpeg;jpe;resx;tiff;tif;png;wav;mfcribbon-ms</Extensions>
    </Filter>
    <Filter Include="Header Files\Core">
      <UniqueIdentifier>{21d12e41-2ae2-4861-a1f7-a6962e124e2c}</UniqueIdentifier>
    </Filter>
    <Filter Include="Source Files\Core">
      <UniqueIdentifier>{849a1353-2e79-4959-bd84-87d746cd23b9}</UniqueIdentifier>
    </Filter>
    <Filter Include="Source Files\Network">
      <UniqueIdentifier>{5abab511-491b-4630-a8ec-7582101bb204}</UniqueIdentifier>
    </Filter>
    <Filter Include="Header Files\Network">
      <UniqueIdentifier>{42cad3c7-e7e8-44da-964b-97f8e39a94b3}</UniqueIdentifier>
    </Filter>
    <Filter Include="Header Files\Messages">
      <UniqueIdentifier>{d52edc1b-9fe5-41a9-b805-0fa9dd2f42e0}</UniqueIdentifier>
    </Filter>
    <Filter Include="Header Files\Lobby">
      <UniqueIdentifier>{59a8f686-6e46-49c3-9fff-91b7babc95ff}</UniqueIdentifier>
    </Filter>
    <Filter Include="Source Files\Lobby">
      <UniqueIdentifier>{ea9b8c1d-16c2-4e21-85a8-554c2f260aa7}</UniqueIdentifier>
    </Filter>
    <Filter Include="Header Files\Utility">
      <UniqueIdentifier>{2809a22f-c341-4b35-a3b9-1c982b17de8d}</UniqueIdentifier>
    </Filter>
  </ItemGroup>
  <ItemGroup>
    <ClCompile Include="src\main.cpp">
      <Filter>Source Files</Filter>
    </ClCompile>
    <ClCompile Include="src\Core\MessageQueue.cpp">
      <Filter>Source Files\Core</Filter>
    </ClCompile>
    <ClCompile Include="src\Core\ThreadGroup.cpp">
      <Filter>Source Files\Core</Filter>
    </ClCompile>
    <ClCompile Include="src\Core\ThreadPool.cpp">
      <Filter>Source Files\Core</Filter>
    </ClCompile>
    <ClCompile Include="src\Core\Service.cpp">
      <Filter>Source Files\Core</Filter>
    </ClCompile>
    <ClCompile Include="src\Network\SocketListener.cpp">
      <Filter>Source Files\Network</Filter>
    </ClCompile>
    <ClCompile Include="src\Core\Log.cpp">
      <Filter>Source Files\Core</Filter>
    </ClCompile>
    <ClCompile Include="src\Core\ServiceLocator.cpp">
      <Filter>Source Files\Core</Filter>
    </ClCompile>
    <ClCompile Include="src\Network\Session.cpp">
      <Filter>Source Files\Network</Filter>
    </ClCompile>
    <ClCompile Include="src\Network\SessionManager.cpp">
      <Filter>Source Files\Network</Filter>
    </ClCompile>
    <ClCompile Include="src\Lobby\Lobby.cpp">
      <Filter>Source Files\Lobby</Filter>
    </ClCompile>
    <ClCompile Include="src\Lobby\Room.cpp">
      <Filter>Source Files\Lobby</Filter>
    </ClCompile>
  </ItemGroup>
  <ItemGroup>
    <ClInclude Include="include\OrbitalEncounters\Core\MessageQueue.hpp">
      <Filter>Header Files\Core</Filter>
    </ClInclude>
    <ClInclude Include="include\OrbitalEncounters\Core\ThreadGroup.hpp">
      <Filter>Header Files\Core</Filter>
    </ClInclude>
    <ClInclude Include="include\OrbitalEncounters\Core\ThreadPool.hpp">
      <Filter>Header Files\Core</Filter>
    </ClInclude>
    <ClInclude Include="include\OrbitalEncounters\Core\Service.hpp">
      <Filter>Header Files\Core</Filter>
    </ClInclude>
    <ClInclude Include="include\OrbitalEncounters\Network\SocketListener.hpp">
      <Filter>Header Files\Network</Filter>
    </ClInclude>
    <ClInclude Include="include\OrbitalEncounters\Messages\Message.hpp">
      <Filter>Header Files\Messages</Filter>
    </ClInclude>
    <ClInclude Include="include\OrbitalEncounters\Messages\SocketAccepted.hpp">
      <Filter>Header Files\Messages</Filter>
    </ClInclude>
    <ClInclude Include="include\OrbitalEncounters\Core\Log.hpp">
      <Filter>Header Files\Core</Filter>
    </ClInclude>
    <ClInclude Include="include\OrbitalEncounters\Network\Packet.hpp">
      <Filter>Header Files\Network</Filter>
    </ClInclude>
    <ClInclude Include="include\OrbitalEncounters\Network\Session.hpp">
      <Filter>Header Files\Network</Filter>
    </ClInclude>
    <ClInclude Include="include\OrbitalEncounters\Network\SessionManager.hpp">
      <Filter>Header Files\Network</Filter>
    </ClInclude>
    <ClInclude Include="include\OrbitalEncounters\Lobby\Lobby.hpp">
      <Filter>Header Files\Lobby</Filter>
    </ClInclude>
    <ClInclude Include="include\OrbitalEncounters\Lobby\Room.hpp">
      <Filter>Header Files\Lobby</Filter>
    </ClInclude>
    <ClInclude Include="include\OrbitalEncounters\Messages\CreateRoom.hpp">
      <Filter>Header Files\Messages</Filter>
    </ClInclude>
    <ClInclude Include="include\OrbitalEncounters\Utility\Split.hpp">
      <Filter>Header Files\Utility</Filter>
    </ClInclude>
    <ClInclude Include="include\OrbitalEncounters\Messages\SessionDisconnected.hpp">
      <Filter>Header Files\Messages</Filter>
    </ClInclude>
    <ClInclude Include="include\OrbitalEncounters\Network\Packets.hpp">
      <Filter>Header Files\Network</Filter>
    </ClInclude>
    <ClInclude Include="include\OrbitalEncounters\Messages\EmptyRoom.hpp">
      <Filter>Header Files\Messages</Filter>
    </ClInclude>
    <ClInclude Include="include\OrbitalEncounters\Messages\RoomListRequested.hpp">
      <Filter>Header Files\Messages</Filter>
    </ClInclude>
    <ClInclude Include="include\OrbitalEncounters\Messages\JoinRoom.hpp">
      <Filter>Header Files\Messages</Filter>
    </ClInclude>
    <ClInclude Include="include\OrbitalEncounters\Messages\PlayerLeaving.hpp">
      <Filter>Header Files\Messages</Filter>
    </ClInclude>
    <ClInclude Include="include\OrbitalEncounters\Core\ServiceLocator.hpp">
      <Filter>Header Files\Core</Filter>
    </ClInclude>
    <ClInclude Include="include\OrbitalEncounters\Messages\ConnectivityTestDone.hpp">
      <Filter>Header Files\Messages</Filter>
    </ClInclude>
    <ClInclude Include="include\OrbitalEncounters\Messages\RoomIsAlive.hpp">
      <Filter>Header Files\Messages</Filter>
    </ClInclude>
  </ItemGroup>
</Project>